# THIS IS AN AUTOGENERATED FILE. DO NOT EDIT THIS FILE DIRECTLY.
# yarn lockfile v1


"@rqt/github@^1.3.1":
  version "1.3.1"
  resolved "https://registry.yarnpkg.com/@rqt/github/-/github-1.3.1.tgz#75070036d3ed0dd7d9e39b753c4255cae5a1190a"
  integrity sha512-R5Pq6Xkhi4zbtHDY3Vx/ea9UuaShYxaDIgHEZputDTXcpFzBRCQIebMcYlpcZgQdtGu9O8tzwmBpKXC9UAxd5Q==

rqt@^4.0.0:
  version "4.0.0"
  resolved "https://registry.yarnpkg.com/rqt/-/rqt-4.0.0.tgz#b57f64bf1b3b8b8109617f9dc67b9dd9ea5cb4d6"
  integrity sha512-DUm6ZAt6ESeY46aFWhQwBvsOpXABRL5TTkpN/3KJjog7uk2ncYuU4UZ8FQV6qfWybihkMFCdoESNSxYQ5rSZiQ==
